Microsoft Visual Studio Solution File, Format Version 11.00
# Visual Studio 2010
Project("{8BC9CEB8-8B4A-11D0-8D11-00A0C91BC942}") = "CSCommon", "..\CSCommon\CSCommon.vcxproj", "{CBD109C1-1AA3-4A57-B439-9919C08FAAA5}"
EndProject
Project("{8BC9CEB8-8B4A-11D0-8D11-00A0C91BC942}") = "SafeUDP", "..\SafeUDP\SafeUDP.vcxproj", "{6C8069BD-5E8C-41EC-8BD9-2F819291BA67}"
EndProject
Project("{8BC9CEB8-8B4A-11D0-8D11-00A0C91BC942}") = "cml", "..\cml\cml.vcxproj", "{8D451493-65C2-49C3-ADAE-ACB17E6B0650}"
EndProject
Project("{8BC9CEB8-8B4A-11D0-8D11-00A0C91BC942}") = "MatchServer", "MatchServer.vcxproj", "{F9030DCC-F51B-4091-BCD5-7E4C9576E92E}"
EndProject
Project("{8BC9CEB8-8B4A-11D0-8D11-00A0C91BC942}") = "MDatabase", "..\MDatabase\MDatabase.vcxproj", "{98475FA7-BEA2-42EE-9B1C-31D9684D237B}"
EndProject
Project("{8BC9CEB8-8B4A-11D0-8D11-00A0C91BC942}") = "MCountryFilter", "..\MCountryFilter\MCountryFilter.vcxproj", "{43FAAF56-EA88-4D3F-95B7-14A0582F3290}"
EndProject
Project("{8BC9CEB8-8B4A-11D0-8D11-00A0C91BC942}") = "StringLiteral", "..\StringLiteral\StringLiteral.vcxproj", "{76A2FF14-2736-44CB-BE78-83CF0C6ADC9D}"
EndProject
Global
	GlobalSection(SolutionConfigurationPlatforms) = preSolution
		_Encrypt_BRZ_Debug|Win32 = _Encrypt_BRZ_Debug|Win32
		_Encrypt_BRZ_Release_publish|Win32 = _Encrypt_BRZ_Release_publish|Win32
		_Encrypt_Debug|Win32 = _Encrypt_Debug|Win32
		_Encrypt_JPN_Debug|Win32 = _Encrypt_JPN_Debug|Win32
		_Encrypt_JPN_Release_publish|Win32 = _Encrypt_JPN_Release_publish|Win32
		_Encrypt_KOR_Debug|Win32 = _Encrypt_KOR_Debug|Win32
		_Encrypt_KOR_Release_publish|Win32 = _Encrypt_KOR_Release_publish|Win32
		_Encrypt_USA_Debug|Win32 = _Encrypt_USA_Debug|Win32
		_Encrypt_USA_Release_publish|Win32 = _Encrypt_USA_Release_publish|Win32
		BRZ_Debug|Win32 = BRZ_Debug|Win32
		BRZ_Release_publish|Win32 = BRZ_Release_publish|Win32
		Debug_tracememory|Win32 = Debug_tracememory|Win32
		Debug|Win32 = Debug|Win32
		DebugDll|Win32 = DebugDll|Win32
		IND_Debug|Win32 = IND_Debug|Win32
		IND_Release_publish|Win32 = IND_Release_publish|Win32
		INTER_Debug|Win32 = INTER_Debug|Win32
		INTER_Release_publish|Win32 = INTER_Release_publish|Win32
		JPN_Debug|Win32 = JPN_Debug|Win32
		JPN_Release_publish|Win32 = JPN_Release_publish|Win32
		KOR_Debug|Win32 = KOR_Debug|Win32
		KOR_Release_publish|Win32 = KOR_Release_publish|Win32
		Release|Win32 = Release|Win32
		ReleaseDll|Win32 = ReleaseDll|Win32
		Template|Win32 = Template|Win32
		USA_Debug|Win32 = USA_Debug|Win32
		USA_Release_publish|Win32 = USA_Release_publish|Win32
	EndGlobalSection
	GlobalSection(ProjectConfigurationPlatforms) = postSolution
		{CBD109C1-1AA3-4A57-B439-9919C08FAAA5}._Encrypt_BRZ_Debug|Win32.ActiveCfg = _Encrypt_BRZ_Debug|Win32
		{CBD109C1-1AA3-4A57-B439-9919C08FAAA5}._Encrypt_BRZ_Debug|Win32.Build.0 = _Encrypt_BRZ_Debug|Win32
		{CBD109C1-1AA3-4A57-B439-9919C08FAAA5}._Encrypt_BRZ_Release_publish|Win32.ActiveCfg = _Encrypt_BRZ_Release_publish|Win32
		{CBD109C1-1AA3-4A57-B439-9919C08FAAA5}._Encrypt_BRZ_Release_publish|Win32.Build.0 = _Encrypt_BRZ_Release_publish|Win32
		{CBD109C1-1AA3-4A57-B439-9919C08FAAA5}._Encrypt_Debug|Win32.ActiveCfg = _Encrypt_Debug|Win32
		{CBD109C1-1AA3-4A57-B439-9919C08FAAA5}._Encrypt_Debug|Win32.Build.0 = _Encrypt_Debug|Win32
		{CBD109C1-1AA3-4A57-B439-9919C08FAAA5}._Encrypt_JPN_Debug|Win32.ActiveCfg = _Encrypt_JPN_Debug|Win32
		{CBD109C1-1AA3-4A57-B439-9919C08FAAA5}._Encrypt_JPN_Debug|Win32.Build.0 = _Encrypt_JPN_Debug|Win32
		{CBD109C1-1AA3-4A57-B439-9919C08FAAA5}._Encrypt_JPN_Release_publish|Win32.ActiveCfg = _Encrypt_JPN_Release_publish|Win32
		{CBD109C1-1AA3-4A57-B439-9919C08FAAA5}._Encrypt_JPN_Release_publish|Win32.Build.0 = _Encrypt_JPN_Release_publish|Win32
		{CBD109C1-1AA3-4A57-B439-9919C08FAAA5}._Encrypt_KOR_Debug|Win32.ActiveCfg = _Encrypt_KOR_Debug|Win32
		{CBD109C1-1AA3-4A57-B439-9919C08FAAA5}._Encrypt_KOR_Debug|Win32.Build.0 = _Encrypt_KOR_Debug|Win32
		{CBD109C1-1AA3-4A57-B439-9919C08FAAA5}._Encrypt_KOR_Release_publish|Win32.ActiveCfg = _Encrypt_KOR_Release_publish|Win32
		{CBD109C1-1AA3-4A57-B439-9919C08FAAA5}._Encrypt_KOR_Release_publish|Win32.Build.0 = _Encrypt_KOR_Release_publish|Win32
		{CBD109C1-1AA3-4A57-B439-9919C08FAAA5}._Encrypt_USA_Debug|Win32.ActiveCfg = _Encrypt_USA_Debug|Win32
		{CBD109C1-1AA3-4A57-B439-9919C08FAAA5}._Encrypt_USA_Debug|Win32.Build.0 = _Encrypt_USA_Debug|Win32
		{CBD109C1-1AA3-4A57-B439-9919C08FAAA5}._Encrypt_USA_Release_publish|Win32.ActiveCfg = _Encrypt_USA_Release_publish|Win32
		{CBD109C1-1AA3-4A57-B439-9919C08FAAA5}._Encrypt_USA_Release_publish|Win32.Build.0 = _Encrypt_USA_Release_publish|Win32
		{CBD109C1-1AA3-4A57-B439-9919C08FAAA5}.BRZ_Debug|Win32.ActiveCfg = BRZ_Debug|Win32
		{CBD109C1-1AA3-4A57-B439-9919C08FAAA5}.BRZ_Debug|Win32.Build.0 = BRZ_Debug|Win32
		{CBD109C1-1AA3-4A57-B439-9919C08FAAA5}.BRZ_Release_publish|Win32.ActiveCfg = BRZ_Release_publish|Win32
		{CBD109C1-1AA3-4A57-B439-9919C08FAAA5}.BRZ_Release_publish|Win32.Build.0 = BRZ_Release_publish|Win32
		{CBD109C1-1AA3-4A57-B439-9919C08FAAA5}.Debug_tracememory|Win32.ActiveCfg = Debug|Win32
		{CBD109C1-1AA3-4A57-B439-9919C08FAAA5}.Debug_tracememory|Win32.Build.0 = Debug|Win32
		{CBD109C1-1AA3-4A57-B439-9919C08FAAA5}.Debug|Win32.ActiveCfg = Debug|Win32
		{CBD109C1-1AA3-4A57-B439-9919C08FAAA5}.Debug|Win32.Build.0 = Debug|Win32
		{CBD109C1-1AA3-4A57-B439-9919C08FAAA5}.DebugDll|Win32.ActiveCfg = Debug|Win32
		{CBD109C1-1AA3-4A57-B439-9919C08FAAA5}.DebugDll|Win32.Build.0 = Debug|Win32
		{CBD109C1-1AA3-4A57-B439-9919C08FAAA5}.IND_Debug|Win32.ActiveCfg = IND_Debug|Win32
		{CBD109C1-1AA3-4A57-B439-9919C08FAAA5}.IND_Debug|Win32.Build.0 = IND_Debug|Win32
		{CBD109C1-1AA3-4A57-B439-9919C08FAAA5}.IND_Release_publish|Win32.ActiveCfg = IND_Release_publish|Win32
		{CBD109C1-1AA3-4A57-B439-9919C08FAAA5}.IND_Release_publish|Win32.Build.0 = IND_Release_publish|Win32
		{CBD109C1-1AA3-4A57-B439-9919C08FAAA5}.INTER_Debug|Win32.ActiveCfg = INTER_Debug|Win32
		{CBD109C1-1AA3-4A57-B439-9919C08FAAA5}.INTER_Debug|Win32.Build.0 = INTER_Debug|Win32
		{CBD109C1-1AA3-4A57-B439-9919C08FAAA5}.INTER_Release_publish|Win32.ActiveCfg = INTER_Release_publish|Win32
		{CBD109C1-1AA3-4A57-B439-9919C08FAAA5}.INTER_Release_publish|Win32.Build.0 = INTER_Release_publish|Win32
		{CBD109C1-1AA3-4A57-B439-9919C08FAAA5}.JPN_Debug|Win32.ActiveCfg = JPN_Debug|Win32
		{CBD109C1-1AA3-4A57-B439-9919C08FAAA5}.JPN_Debug|Win32.Build.0 = JPN_Debug|Win32
		{CBD109C1-1AA3-4A57-B439-9919C08FAAA5}.JPN_Release_publish|Win32.ActiveCfg = JPN_Release_publish|Win32
		{CBD109C1-1AA3-4A57-B439-9919C08FAAA5}.JPN_Release_publish|Win32.Build.0 = JPN_Release_publish|Win32
		{CBD109C1-1AA3-4A57-B439-9919C08FAAA5}.KOR_Debug|Win32.ActiveCfg = KOR_Debug|Win32
		{CBD109C1-1AA3-4A57-B439-9919C08FAAA5}.KOR_Debug|Win32.Build.0 = KOR_Debug|Win32
		{CBD109C1-1AA3-4A57-B439-9919C08FAAA5}.KOR_Release_publish|Win32.ActiveCfg = KOR_Release_publish|Win32
		{CBD109C1-1AA3-4A57-B439-9919C08FAAA5}.KOR_Release_publish|Win32.Build.0 = KOR_Release_publish|Win32
		{CBD109C1-1AA3-4A57-B439-9919C08FAAA5}.Release|Win32.ActiveCfg = USA_Release_publish|Win32
		{CBD109C1-1AA3-4A57-B439-9919C08FAAA5}.Release|Win32.Build.0 = USA_Release_publish|Win32
		{CBD109C1-1AA3-4A57-B439-9919C08FAAA5}.ReleaseDll|Win32.ActiveCfg = _Encrypt_USA_Release_publish|Win32
		{CBD109C1-1AA3-4A57-B439-9919C08FAAA5}.ReleaseDll|Win32.Build.0 = _Encrypt_USA_Release_publish|Win32
		{CBD109C1-1AA3-4A57-B439-9919C08FAAA5}.Template|Win32.ActiveCfg = _Encrypt_USA_Release_publish|Win32
		{CBD109C1-1AA3-4A57-B439-9919C08FAAA5}.Template|Win32.Build.0 = _Encrypt_USA_Release_publish|Win32
		{CBD109C1-1AA3-4A57-B439-9919C08FAAA5}.USA_Debug|Win32.ActiveCfg = USA_Debug|Win32
		{CBD109C1-1AA3-4A57-B439-9919C08FAAA5}.USA_Debug|Win32.Build.0 = USA_Debug|Win32
		{CBD109C1-1AA3-4A57-B439-9919C08FAAA5}.USA_Release_publish|Win32.ActiveCfg = USA_Release_publish|Win32
		{CBD109C1-1AA3-4A57-B439-9919C08FAAA5}.USA_Release_publish|Win32.Build.0 = USA_Release_publish|Win32
		{6C8069BD-5E8C-41EC-8BD9-2F819291BA67}._Encrypt_BRZ_Debug|Win32.ActiveCfg = Debug|Win32
		{6C8069BD-5E8C-41EC-8BD9-2F819291BA67}._Encrypt_BRZ_Debug|Win32.Build.0 = Debug|Win32
		{6C8069BD-5E8C-41EC-8BD9-2F819291BA67}._Encrypt_BRZ_Release_publish|Win32.ActiveCfg = Release|Win32
		{6C8069BD-5E8C-41EC-8BD9-2F819291BA67}._Encrypt_BRZ_Release_publish|Win32.Build.0 = Release|Win32
		{6C8069BD-5E8C-41EC-8BD9-2F819291BA67}._Encrypt_Debug|Win32.ActiveCfg = Debug|Win32
		{6C8069BD-5E8C-41EC-8BD9-2F819291BA67}._Encrypt_Debug|Win32.Build.0 = Debug|Win32
		{6C8069BD-5E8C-41EC-8BD9-2F819291BA67}._Encrypt_JPN_Debug|Win32.ActiveCfg = Debug|Win32
		{6C8069BD-5E8C-41EC-8BD9-2F819291BA67}._Encrypt_JPN_Debug|Win32.Build.0 = Debug|Win32
		{6C8069BD-5E8C-41EC-8BD9-2F819291BA67}._Encrypt_JPN_Release_publish|Win32.ActiveCfg = Release|Win32
		{6C8069BD-5E8C-41EC-8BD9-2F819291BA67}._Encrypt_JPN_Release_publish|Win32.Build.0 = Release|Win32
		{6C8069BD-5E8C-41EC-8BD9-2F819291BA67}._Encrypt_KOR_Debug|Win32.ActiveCfg = Debug|Win32
		{6C8069BD-5E8C-41EC-8BD9-2F819291BA67}._Encrypt_KOR_Debug|Win32.Build.0 = Debug|Win32
		{6C8069BD-5E8C-41EC-8BD9-2F819291BA67}._Encrypt_KOR_Release_publish|Win32.ActiveCfg = Release|Win32
		{6C8069BD-5E8C-41EC-8BD9-2F819291BA67}._Encrypt_KOR_Release_publish|Win32.Build.0 = Release|Win32
		{6C8069BD-5E8C-41EC-8BD9-2F819291BA67}._Encrypt_USA_Debug|Win32.ActiveCfg = Debug|Win32
		{6C8069BD-5E8C-41EC-8BD9-2F819291BA67}._Encrypt_USA_Debug|Win32.Build.0 = Debug|Win32
		{6C8069BD-5E8C-41EC-8BD9-2F819291BA67}._Encrypt_USA_Release_publish|Win32.ActiveCfg = Release|Win32
		{6C8069BD-5E8C-41EC-8BD9-2F819291BA67}._Encrypt_USA_Release_publish|Win32.Build.0 = Release|Win32
		{6C8069BD-5E8C-41EC-8BD9-2F819291BA67}.BRZ_Debug|Win32.ActiveCfg = Debug|Win32
		{6C8069BD-5E8C-41EC-8BD9-2F819291BA67}.BRZ_Debug|Win32.Build.0 = Debug|Win32
		{6C8069BD-5E8C-41EC-8BD9-2F819291BA67}.BRZ_Release_publish|Win32.ActiveCfg = Release|Win32
		{6C8069BD-5E8C-41EC-8BD9-2F819291BA67}.BRZ_Release_publish|Win32.Build.0 = Release|Win32
		{6C8069BD-5E8C-41EC-8BD9-2F819291BA67}.Debug_tracememory|Win32.ActiveCfg = Debug|Win32
		{6C8069BD-5E8C-41EC-8BD9-2F819291BA67}.Debug_tracememory|Win32.Build.0 = Debug|Win32
		{6C8069BD-5E8C-41EC-8BD9-2F819291BA67}.Debug|Win32.ActiveCfg = Debug|Win32
		{6C8069BD-5E8C-41EC-8BD9-2F819291BA67}.Debug|Win32.Build.0 = Debug|Win32
		{6C8069BD-5E8C-41EC-8BD9-2F819291BA67}.DebugDll|Win32.ActiveCfg = Debug|Win32
		{6C8069BD-5E8C-41EC-8BD9-2F819291BA67}.DebugDll|Win32.Build.0 = Debug|Win32
		{6C8069BD-5E8C-41EC-8BD9-2F819291BA67}.IND_Debug|Win32.ActiveCfg = Debug|Win32
		{6C8069BD-5E8C-41EC-8BD9-2F819291BA67}.IND_Debug|Win32.Build.0 = Debug|Win32
		{6C8069BD-5E8C-41EC-8BD9-2F819291BA67}.IND_Release_publish|Win32.ActiveCfg = Release|Win32
		{6C8069BD-5E8C-41EC-8BD9-2F819291BA67}.IND_Release_publish|Win32.Build.0 = Release|Win32
		{6C8069BD-5E8C-41EC-8BD9-2F819291BA67}.INTER_Debug|Win32.ActiveCfg = Debug|Win32
		{6C8069BD-5E8C-41EC-8BD9-2F819291BA67}.INTER_Debug|Win32.Build.0 = Debug|Win32
		{6C8069BD-5E8C-41EC-8BD9-2F819291BA67}.INTER_Release_publish|Win32.ActiveCfg = Release|Win32
		{6C8069BD-5E8C-41EC-8BD9-2F819291BA67}.INTER_Release_publish|Win32.Build.0 = Release|Win32
		{6C8069BD-5E8C-41EC-8BD9-2F819291BA67}.JPN_Debug|Win32.ActiveCfg = Debug|Win32
		{6C8069BD-5E8C-41EC-8BD9-2F819291BA67}.JPN_Debug|Win32.Build.0 = Debug|Win32
		{6C8069BD-5E8C-41EC-8BD9-2F819291BA67}.JPN_Release_publish|Win32.ActiveCfg = Release|Win32
		{6C8069BD-5E8C-41EC-8BD9-2F819291BA67}.JPN_Release_publish|Win32.Build.0 = Release|Win32
		{6C8069BD-5E8C-41EC-8BD9-2F819291BA67}.KOR_Debug|Win32.ActiveCfg = Debug|Win32
		{6C8069BD-5E8C-41EC-8BD9-2F819291BA67}.KOR_Debug|Win32.Build.0 = Debug|Win32
		{6C8069BD-5E8C-41EC-8BD9-2F819291BA67}.KOR_Release_publish|Win32.ActiveCfg = Release|Win32
		{6C8069BD-5E8C-41EC-8BD9-2F819291BA67}.KOR_Release_publish|Win32.Build.0 = Release|Win32
		{6C8069BD-5E8C-41EC-8BD9-2F819291BA67}.Release|Win32.ActiveCfg = Release|Win32
		{6C8069BD-5E8C-41EC-8BD9-2F819291BA67}.Release|Win32.Build.0 = Release|Win32
		{6C8069BD-5E8C-41EC-8BD9-2F819291BA67}.ReleaseDll|Win32.ActiveCfg = Release|Win32
		{6C8069BD-5E8C-41EC-8BD9-2F819291BA67}.ReleaseDll|Win32.Build.0 = Release|Win32
		{6C8069BD-5E8C-41EC-8BD9-2F819291BA67}.Template|Win32.ActiveCfg = Release|Win32
		{6C8069BD-5E8C-41EC-8BD9-2F819291BA67}.Template|Win32.Build.0 = Release|Win32
		{6C8069BD-5E8C-41EC-8BD9-2F819291BA67}.USA_Debug|Win32.ActiveCfg = Debug|Win32
		{6C8069BD-5E8C-41EC-8BD9-2F819291BA67}.USA_Debug|Win32.Build.0 = Debug|Win32
		{6C8069BD-5E8C-41EC-8BD9-2F819291BA67}.USA_Release_publish|Win32.ActiveCfg = Release|Win32
		{6C8069BD-5E8C-41EC-8BD9-2F819291BA67}.USA_Release_publish|Win32.Build.0 = Release|Win32
		{8D451493-65C2-49C3-ADAE-ACB17E6B0650}._Encrypt_BRZ_Debug|Win32.ActiveCfg = Debug|Win32
		{8D451493-65C2-49C3-ADAE-ACB17E6B0650}._Encrypt_BRZ_Debug|Win32.Build.0 = Debug|Win32
		{8D451493-65C2-49C3-ADAE-ACB17E6B0650}._Encrypt_BRZ_Release_publish|Win32.ActiveCfg = Release|Win32
		{8D451493-65C2-49C3-ADAE-ACB17E6B0650}._Encrypt_BRZ_Release_publish|Win32.Build.0 = Release|Win32
		{8D451493-65C2-49C3-ADAE-ACB17E6B0650}._Encrypt_Debug|Win32.ActiveCfg = Debug|Win32
		{8D451493-65C2-49C3-ADAE-ACB17E6B0650}._Encrypt_Debug|Win32.Build.0 = Debug|Win32
		{8D451493-65C2-49C3-ADAE-ACB17E6B0650}._Encrypt_JPN_Debug|Win32.ActiveCfg = Debug|Win32
		{8D451493-65C2-49C3-ADAE-ACB17E6B0650}._Encrypt_JPN_Debug|Win32.Build.0 = Debug|Win32
		{8D451493-65C2-49C3-ADAE-ACB17E6B0650}._Encrypt_JPN_Release_publish|Win32.ActiveCfg = Release|Win32
		{8D451493-65C2-49C3-ADAE-ACB17E6B0650}._Encrypt_JPN_Release_publish|Win32.Build.0 = Release|Win32
		{8D451493-65C2-49C3-ADAE-ACB17E6B0650}._Encrypt_KOR_Debug|Win32.ActiveCfg = Debug|Win32
		{8D451493-65C2-49C3-ADAE-ACB17E6B0650}._Encrypt_KOR_Debug|Win32.Build.0 = Debug|Win32
		{8D451493-65C2-49C3-ADAE-ACB17E6B0650}._Encrypt_KOR_Release_publish|Win32.ActiveCfg = Release|Win32
		{8D451493-65C2-49C3-ADAE-ACB17E6B0650}._Encrypt_KOR_Release_publish|Win32.Build.0 = Release|Win32
		{8D451493-65C2-49C3-ADAE-ACB17E6B0650}._Encrypt_USA_Debug|Win32.ActiveCfg = Debug|Win32
		{8D451493-65C2-49C3-ADAE-ACB17E6B0650}._Encrypt_USA_Debug|Win32.Build.0 = Debug|Win32
		{8D451493-65C2-49C3-ADAE-ACB17E6B0650}._Encrypt_USA_Release_publish|Win32.ActiveCfg = Release|Win32
		{8D451493-65C2-49C3-ADAE-ACB17E6B0650}._Encrypt_USA_Release_publish|Win32.Build.0 = Release|Win32
		{8D451493-65C2-49C3-ADAE-ACB17E6B0650}.BRZ_Debug|Win32.ActiveCfg = Debug|Win32
		{8D451493-65C2-49C3-ADAE-ACB17E6B0650}.BRZ_Debug|Win32.Build.0 = Debug|Win32
		{8D451493-65C2-49C3-ADAE-ACB17E6B0650}.BRZ_Release_publish|Win32.ActiveCfg = Release|Win32
		{8D451493-65C2-49C3-ADAE-ACB17E6B0650}.BRZ_Release_publish|Win32.Build.0 = Release|Win32
		{8D451493-65C2-49C3-ADAE-ACB17E6B0650}.Debug_tracememory|Win32.ActiveCfg = Debug|Win32
		{8D451493-65C2-49C3-ADAE-ACB17E6B0650}.Debug_tracememory|Win32.Build.0 = Debug|Win32
		{8D451493-65C2-49C3-ADAE-ACB17E6B0650}.Debug|Win32.ActiveCfg = Debug|Win32
		{8D451493-65C2-49C3-ADAE-ACB17E6B0650}.Debug|Win32.Build.0 = Debug|Win32
		{8D451493-65C2-49C3-ADAE-ACB17E6B0650}.DebugDll|Win32.ActiveCfg = DebugDll|Win32
		{8D451493-65C2-49C3-ADAE-ACB17E6B0650}.DebugDll|Win32.Build.0 = DebugDll|Win32
		{8D451493-65C2-49C3-ADAE-ACB17E6B0650}.IND_Debug|Win32.ActiveCfg = Debug|Win32
		{8D451493-65C2-49C3-ADAE-ACB17E6B0650}.IND_Debug|Win32.Build.0 = Debug|Win32
		{8D451493-65C2-49C3-ADAE-ACB17E6B0650}.IND_Release_publish|Win32.ActiveCfg = Release|Win32
		{8D451493-65C2-49C3-ADAE-ACB17E6B0650}.IND_Release_publish|Win32.Build.0 = Release|Win32
		{8D451493-65C2-49C3-ADAE-ACB17E6B0650}.INTER_Debug|Win32.ActiveCfg = Debug|Win32
		{8D451493-65C2-49C3-ADAE-ACB17E6B0650}.INTER_Debug|Win32.Build.0 = Debug|Win32
		{8D451493-65C2-49C3-ADAE-ACB17E6B0650}.INTER_Release_publish|Win32.ActiveCfg = Release|Win32
		{8D451493-65C2-49C3-ADAE-ACB17E6B0650}.INTER_Release_publish|Win32.Build.0 = Release|Win32
		{8D451493-65C2-49C3-ADAE-ACB17E6B0650}.JPN_Debug|Win32.ActiveCfg = Debug|Win32
		{8D451493-65C2-49C3-ADAE-ACB17E6B0650}.JPN_Debug|Win32.Build.0 = Debug|Win32
		{8D451493-65C2-49C3-ADAE-ACB17E6B0650}.JPN_Release_publish|Win32.ActiveCfg = Release|Win32
		{8D451493-65C2-49C3-ADAE-ACB17E6B0650}.JPN_Release_publish|Win32.Build.0 = Release|Win32
		{8D451493-65C2-49C3-ADAE-ACB17E6B0650}.KOR_Debug|Win32.ActiveCfg = Debug|Win32
		{8D451493-65C2-49C3-ADAE-ACB17E6B0650}.KOR_Debug|Win32.Build.0 = Debug|Win32
		{8D451493-65C2-49C3-ADAE-ACB17E6B0650}.KOR_Release_publish|Win32.ActiveCfg = Release|Win32
		{8D451493-65C2-49C3-ADAE-ACB17E6B0650}.KOR_Release_publish|Win32.Build.0 = Release|Win32
		{8D451493-65C2-49C3-ADAE-ACB17E6B0650}.Release|Win32.ActiveCfg = Release|Win32
		{8D451493-65C2-49C3-ADAE-ACB17E6B0650}.Release|Win32.Build.0 = Release|Win32
		{8D451493-65C2-49C3-ADAE-ACB17E6B0650}.ReleaseDll|Win32.ActiveCfg = ReleaseDll|Win32
		{8D451493-65C2-49C3-ADAE-ACB17E6B0650}.ReleaseDll|Win32.Build.0 = ReleaseDll|Win32
		{8D451493-65C2-49C3-ADAE-ACB17E6B0650}.Template|Win32.ActiveCfg = Release|Win32
		{8D451493-65C2-49C3-ADAE-ACB17E6B0650}.Template|Win32.Build.0 = Release|Win32
		{8D451493-65C2-49C3-ADAE-ACB17E6B0650}.USA_Debug|Win32.ActiveCfg = Debug|Win32
		{8D451493-65C2-49C3-ADAE-ACB17E6B0650}.USA_Debug|Win32.Build.0 = Debug|Win32
		{8D451493-65C2-49C3-ADAE-ACB17E6B0650}.USA_Release_publish|Win32.ActiveCfg = Release|Win32
		{8D451493-65C2-49C3-ADAE-ACB17E6B0650}.USA_Release_publish|Win32.Build.0 = Release|Win32
		{F9030DCC-F51B-4091-BCD5-7E4C9576E92E}._Encrypt_BRZ_Debug|Win32.ActiveCfg = BRZ_Debug|Win32
		{F9030DCC-F51B-4091-BCD5-7E4C9576E92E}._Encrypt_BRZ_Debug|Win32.Build.0 = BRZ_Debug|Win32
		{F9030DCC-F51B-4091-BCD5-7E4C9576E92E}._Encrypt_BRZ_Release_publish|Win32.ActiveCfg = BRZ_Release_publish|Win32
		{F9030DCC-F51B-4091-BCD5-7E4C9576E92E}._Encrypt_BRZ_Release_publish|Win32.Build.0 = BRZ_Release_publish|Win32
		{F9030DCC-F51B-4091-BCD5-7E4C9576E92E}._Encrypt_Debug|Win32.ActiveCfg = Debug|Win32
		{F9030DCC-F51B-4091-BCD5-7E4C9576E92E}._Encrypt_Debug|Win32.Build.0 = Debug|Win32
		{F9030DCC-F51B-4091-BCD5-7E4C9576E92E}._Encrypt_JPN_Debug|Win32.ActiveCfg = JPN_Debug|Win32
		{F9030DCC-F51B-4091-BCD5-7E4C9576E92E}._Encrypt_JPN_Debug|Win32.Build.0 = JPN_Debug|Win32
		{F9030DCC-F51B-4091-BCD5-7E4C9576E92E}._Encrypt_JPN_Release_publish|Win32.ActiveCfg = JPN_Release_publish|Win32
		{F9030DCC-F51B-4091-BCD5-7E4C9576E92E}._Encrypt_JPN_Release_publish|Win32.Build.0 = JPN_Release_publish|Win32
		{F9030DCC-F51B-4091-BCD5-7E4C9576E92E}._Encrypt_KOR_Debug|Win32.ActiveCfg = KOR_Debug|Win32
		{F9030DCC-F51B-4091-BCD5-7E4C9576E92E}._Encrypt_KOR_Debug|Win32.Build.0 = KOR_Debug|Win32
		{F9030DCC-F51B-4091-BCD5-7E4C9576E92E}._Encrypt_KOR_Release_publish|Win32.ActiveCfg = KOR_Release_publish|Win32
		{F9030DCC-F51B-4091-BCD5-7E4C9576E92E}._Encrypt_KOR_Release_publish|Win32.Build.0 = KOR_Release_publish|Win32
		{F9030DCC-F51B-4091-BCD5-7E4C9576E92E}._Encrypt_USA_Debug|Win32.ActiveCfg = USA_Debug|Win32
		{F9030DCC-F51B-4091-BCD5-7E4C9576E92E}._Encrypt_USA_Debug|Win32.Build.0 = USA_Debug|Win32
		{F9030DCC-F51B-4091-BCD5-7E4C9576E92E}._Encrypt_USA_Release_publish|Win32.ActiveCfg = USA_Release_publish|Win32
		{F9030DCC-F51B-4091-BCD5-7E4C9576E92E}._Encrypt_USA_Release_publish|Win32.Build.0 = USA_Release_publish|Win32
		{F9030DCC-F51B-4091-BCD5-7E4C9576E92E}.BRZ_Debug|Win32.ActiveCfg = BRZ_Debug|Win32
		{F9030DCC-F51B-4091-BCD5-7E4C9576E92E}.BRZ_Debug|Win32.Build.0 = BRZ_Debug|Win32
		{F9030DCC-F51B-4091-BCD5-7E4C9576E92E}.BRZ_Release_publish|Win32.ActiveCfg = BRZ_Release_publish|Win32
		{F9030DCC-F51B-4091-BCD5-7E4C9576E92E}.BRZ_Release_publish|Win32.Build.0 = BRZ_Release_publish|Win32
		{F9030DCC-F51B-4091-BCD5-7E4C9576E92E}.Debug_tracememory|Win32.ActiveCfg = Debug_tracememory|Win32
		{F9030DCC-F51B-4091-BCD5-7E4C9576E92E}.Debug_tracememory|Win32.Build.0 = Debug_tracememory|Win32
		{F9030DCC-F51B-4091-BCD5-7E4C9576E92E}.Debug|Win32.ActiveCfg = Debug|Win32
		{F9030DCC-F51B-4091-BCD5-7E4C9576E92E}.Debug|Win32.Build.0 = Debug|Win32
		{F9030DCC-F51B-4091-BCD5-7E4C9576E92E}.DebugDll|Win32.ActiveCfg = Debug|Win32
		{F9030DCC-F51B-4091-BCD5-7E4C9576E92E}.DebugDll|Win32.Build.0 = Debug|Win32
		{F9030DCC-F51B-4091-BCD5-7E4C9576E92E}.IND_Debug|Win32.ActiveCfg = IND_Debug|Win32
		{F9030DCC-F51B-4091-BCD5-7E4C9576E92E}.IND_Debug|Win32.Build.0 = IND_Debug|Win32
		{F9030DCC-F51B-4091-BCD5-7E4C9576E92E}.IND_Release_publish|Win32.ActiveCfg = IND_Release_publish|Win32
		{F9030DCC-F51B-4091-BCD5-7E4C9576E92E}.IND_Release_publish|Win32.Build.0 = IND_Release_publish|Win32
		{F9030DCC-F51B-4091-BCD5-7E4C9576E92E}.INTER_Debug|Win32.ActiveCfg = INTER_Debug|Win32
		{F9030DCC-F51B-4091-BCD5-7E4C9576E92E}.INTER_Debug|Win32.Build.0 = INTER_Debug|Win32
		{F9030DCC-F51B-4091-BCD5-7E4C9576E92E}.INTER_Release_publish|Win32.ActiveCfg = INTER_Release_publish|Win32
		{F9030DCC-F51B-4091-BCD5-7E4C9576E92E}.INTER_Release_publish|Win32.Build.0 = INTER_Release_publish|Win32
		{F9030DCC-F51B-4091-BCD5-7E4C9576E92E}.JPN_Debug|Win32.ActiveCfg = JPN_Debug|Win32
		{F9030DCC-F51B-4091-BCD5-7E4C9576E92E}.JPN_Debug|Win32.Build.0 = JPN_Debug|Win32
		{F9030DCC-F51B-4091-BCD5-7E4C9576E92E}.JPN_Release_publish|Win32.ActiveCfg = JPN_Release_publish|Win32
		{F9030DCC-F51B-4091-BCD5-7E4C9576E92E}.JPN_Release_publish|Win32.Build.0 = JPN_Release_publish|Win32
		{F9030DCC-F51B-4091-BCD5-7E4C9576E92E}.KOR_Debug|Win32.ActiveCfg = KOR_Debug|Win32
		{F9030DCC-F51B-4091-BCD5-7E4C9576E92E}.KOR_Debug|Win32.Build.0 = KOR_Debug|Win32
		{F9030DCC-F51B-4091-BCD5-7E4C9576E92E}.KOR_Release_publish|Win32.ActiveCfg = KOR_Release_publish|Win32
		{F9030DCC-F51B-4091-BCD5-7E4C9576E92E}.KOR_Release_publish|Win32.Build.0 = KOR_Release_publish|Win32
		{F9030DCC-F51B-4091-BCD5-7E4C9576E92E}.Release|Win32.ActiveCfg = INTER_Release_publish|Win32
		{F9030DCC-F51B-4091-BCD5-7E4C9576E92E}.Release|Win32.Build.0 = INTER_Release_publish|Win32
		{F9030DCC-F51B-4091-BCD5-7E4C9576E92E}.ReleaseDll|Win32.ActiveCfg = USA_Release_publish|Win32
		{F9030DCC-F51B-4091-BCD5-7E4C9576E92E}.ReleaseDll|Win32.Build.0 = USA_Release_publish|Win32
		{F9030DCC-F51B-4091-BCD5-7E4C9576E92E}.Template|Win32.ActiveCfg = Template|Win32
		{F9030DCC-F51B-4091-BCD5-7E4C9576E92E}.Template|Win32.Build.0 = Template|Win32
		{F9030DCC-F51B-4091-BCD5-7E4C9576E92E}.USA_Debug|Win32.ActiveCfg = USA_Debug|Win32
		{F9030DCC-F51B-4091-BCD5-7E4C9576E92E}.USA_Debug|Win32.Build.0 = USA_Debug|Win32
		{F9030DCC-F51B-4091-BCD5-7E4C9576E92E}.USA_Release_publish|Win32.ActiveCfg = USA_Release_publish|Win32
		{F9030DCC-F51B-4091-BCD5-7E4C9576E92E}.USA_Release_publish|Win32.Build.0 = USA_Release_publish|Win32
		{98475FA7-BEA2-42EE-9B1C-31D9684D237B}._Encrypt_BRZ_Debug|Win32.ActiveCfg = Debug|Win32
		{98475FA7-BEA2-42EE-9B1C-31D9684D237B}._Encrypt_BRZ_Debug|Win32.Build.0 = Debug|Win32
		{98475FA7-BEA2-42EE-9B1C-31D9684D237B}._Encrypt_BRZ_Release_publish|Win32.ActiveCfg = Release|Win32
		{98475FA7-BEA2-42EE-9B1C-31D9684D237B}._Encrypt_BRZ_Release_publish|Win32.Build.0 = Release|Win32
		{98475FA7-BEA2-42EE-9B1C-31D9684D237B}._Encrypt_Debug|Win32.ActiveCfg = Debug|Win32
		{98475FA7-BEA2-42EE-9B1C-31D9684D237B}._Encrypt_Debug|Win32.Build.0 = Debug|Win32
		{98475FA7-BEA2-42EE-9B1C-31D9684D237B}._Encrypt_JPN_Debug|Win32.ActiveCfg = Debug|Win32
		{98475FA7-BEA2-42EE-9B1C-31D9684D237B}._Encrypt_JPN_Debug|Win32.Build.0 = Debug|Win32
		{98475FA7-BEA2-42EE-9B1C-31D9684D237B}._Encrypt_JPN_Release_publish|Win32.ActiveCfg = Release|Win32
		{98475FA7-BEA2-42EE-9B1C-31D9684D237B}._Encrypt_JPN_Release_publish|Win32.Build.0 = Release|Win32
		{98475FA7-BEA2-42EE-9B1C-31D9684D237B}._Encrypt_KOR_Debug|Win32.ActiveCfg = Debug|Win32
		{98475FA7-BEA2-42EE-9B1C-31D9684D237B}._Encrypt_KOR_Debug|Win32.Build.0 = Debug|Win32
		{98475FA7-BEA2-42EE-9B1C-31D9684D237B}._Encrypt_KOR_Release_publish|Win32.ActiveCfg = Release|Win32
		{98475FA7-BEA2-42EE-9B1C-31D9684D237B}._Encrypt_KOR_Release_publish|Win32.Build.0 = Release|Win32
		{98475FA7-BEA2-42EE-9B1C-31D9684D237B}._Encrypt_USA_Debug|Win32.ActiveCfg = Debug|Win32
		{98475FA7-BEA2-42EE-9B1C-31D9684D237B}._Encrypt_USA_Debug|Win32.Build.0 = Debug|Win32
		{98475FA7-BEA2-42EE-9B1C-31D9684D237B}._Encrypt_USA_Release_publish|Win32.ActiveCfg = Release|Win32
		{98475FA7-BEA2-42EE-9B1C-31D9684D237B}._Encrypt_USA_Release_publish|Win32.Build.0 = Release|Win32
		{98475FA7-BEA2-42EE-9B1C-31D9684D237B}.BRZ_Debug|Win32.ActiveCfg = Debug|Win32
		{98475FA7-BEA2-42EE-9B1C-31D9684D237B}.BRZ_Debug|Win32.Build.0 = Debug|Win32
		{98475FA7-BEA2-42EE-9B1C-31D9684D237B}.BRZ_Release_publish|Win32.ActiveCfg = Release|Win32
		{98475FA7-BEA2-42EE-9B1C-31D9684D237B}.BRZ_Release_publish|Win32.Build.0 = Release|Win32
		{98475FA7-BEA2-42EE-9B1C-31D9684D237B}.Debug_tracememory|Win32.ActiveCfg = Debug|Win32
		{98475FA7-BEA2-42EE-9B1C-31D9684D237B}.Debug_tracememory|Win32.Build.0 = Debug|Win32
		{98475FA7-BEA2-42EE-9B1C-31D9684D237B}.Debug|Win32.ActiveCfg = Debug|Win32
		{98475FA7-BEA2-42EE-9B1C-31D9684D237B}.Debug|Win32.Build.0 = Debug|Win32
		{98475FA7-BEA2-42EE-9B1C-31D9684D237B}.DebugDll|Win32.ActiveCfg = Debug|Win32
		{98475FA7-BEA2-42EE-9B1C-31D9684D237B}.DebugDll|Win32.Build.0 = Debug|Win32
		{98475FA7-BEA2-42EE-9B1C-31D9684D237B}.IND_Debug|Win32.ActiveCfg = Debug|Win32
		{98475FA7-BEA2-42EE-9B1C-31D9684D237B}.IND_Debug|Win32.Build.0 = Debug|Win32
		{98475FA7-BEA2-42EE-9B1C-31D9684D237B}.IND_Release_publish|Win32.ActiveCfg = Release|Win32
		{98475FA7-BEA2-42EE-9B1C-31D9684D237B}.IND_Release_publish|Win32.Build.0 = Release|Win32
		{98475FA7-BEA2-42EE-9B1C-31D9684D237B}.INTER_Debug|Win32.ActiveCfg = Debug|Win32
		{98475FA7-BEA2-42EE-9B1C-31D9684D237B}.INTER_Debug|Win32.Build.0 = Debug|Win32
		{98475FA7-BEA2-42EE-9B1C-31D9684D237B}.INTER_Release_publish|Win32.ActiveCfg = Release|Win32
		{98475FA7-BEA2-42EE-9B1C-31D9684D237B}.INTER_Release_publish|Win32.Build.0 = Release|Win32
		{98475FA7-BEA2-42EE-9B1C-31D9684D237B}.JPN_Debug|Win32.ActiveCfg = Debug|Win32
		{98475FA7-BEA2-42EE-9B1C-31D9684D237B}.JPN_Debug|Win32.Build.0 = Debug|Win32
		{98475FA7-BEA2-42EE-9B1C-31D9684D237B}.JPN_Release_publish|Win32.ActiveCfg = Release|Win32
		{98475FA7-BEA2-42EE-9B1C-31D9684D237B}.JPN_Release_publish|Win32.Build.0 = Release|Win32
		{98475FA7-BEA2-42EE-9B1C-31D9684D237B}.KOR_Debug|Win32.ActiveCfg = Debug|Win32
		{98475FA7-BEA2-42EE-9B1C-31D9684D237B}.KOR_Debug|Win32.Build.0 = Debug|Win32
		{98475FA7-BEA2-42EE-9B1C-31D9684D237B}.KOR_Release_publish|Win32.ActiveCfg = Release|Win32
		{98475FA7-BEA2-42EE-9B1C-31D9684D237B}.KOR_Release_publish|Win32.Build.0 = Release|Win32
		{98475FA7-BEA2-42EE-9B1C-31D9684D237B}.Release|Win32.ActiveCfg = Release|Win32
		{98475FA7-BEA2-42EE-9B1C-31D9684D237B}.Release|Win32.Build.0 = Release|Win32
		{98475FA7-BEA2-42EE-9B1C-31D9684D237B}.ReleaseDll|Win32.ActiveCfg = Release|Win32
		{98475FA7-BEA2-42EE-9B1C-31D9684D237B}.ReleaseDll|Win32.Build.0 = Release|Win32
		{98475FA7-BEA2-42EE-9B1C-31D9684D237B}.Template|Win32.ActiveCfg = Release|Win32
		{98475FA7-BEA2-42EE-9B1C-31D9684D237B}.Template|Win32.Build.0 = Release|Win32
		{98475FA7-BEA2-42EE-9B1C-31D9684D237B}.USA_Debug|Win32.ActiveCfg = Debug|Win32
		{98475FA7-BEA2-42EE-9B1C-31D9684D237B}.USA_Debug|Win32.Build.0 = Debug|Win32
		{98475FA7-BEA2-42EE-9B1C-31D9684D237B}.USA_Release_publish|Win32.ActiveCfg = Release|Win32
		{98475FA7-BEA2-42EE-9B1C-31D9684D237B}.USA_Release_publish|Win32.Build.0 = Release|Win32
		{43FAAF56-EA88-4D3F-95B7-14A0582F3290}._Encrypt_BRZ_Debug|Win32.ActiveCfg = Debug|Win32
		{43FAAF56-EA88-4D3F-95B7-14A0582F3290}._Encrypt_BRZ_Debug|Win32.Build.0 = Debug|Win32
		{43FAAF56-EA88-4D3F-95B7-14A0582F3290}._Encrypt_BRZ_Release_publish|Win32.ActiveCfg = Release|Win32
		{43FAAF56-EA88-4D3F-95B7-14A0582F3290}._Encrypt_BRZ_Release_publish|Win32.Build.0 = Release|Win32
		{43FAAF56-EA88-4D3F-95B7-14A0582F3290}._Encrypt_Debug|Win32.ActiveCfg = Debug|Win32
		{43FAAF56-EA88-4D3F-95B7-14A0582F3290}._Encrypt_Debug|Win32.Build.0 = Debug|Win32
		{43FAAF56-EA88-4D3F-95B7-14A0582F3290}._Encrypt_JPN_Debug|Win32.ActiveCfg = Debug|Win32
		{43FAAF56-EA88-4D3F-95B7-14A0582F3290}._Encrypt_JPN_Debug|Win32.Build.0 = Debug|Win32
		{43FAAF56-EA88-4D3F-95B7-14A0582F3290}._Encrypt_JPN_Release_publish|Win32.ActiveCfg = Release|Win32
		{43FAAF56-EA88-4D3F-95B7-14A0582F3290}._Encrypt_JPN_Release_publish|Win32.Build.0 = Release|Win32
		{43FAAF56-EA88-4D3F-95B7-14A0582F3290}._Encrypt_KOR_Debug|Win32.ActiveCfg = Debug|Win32
		{43FAAF56-EA88-4D3F-95B7-14A0582F3290}._Encrypt_KOR_Debug|Win32.Build.0 = Debug|Win32
		{43FAAF56-EA88-4D3F-95B7-14A0582F3290}._Encrypt_KOR_Release_publish|Win32.ActiveCfg = Release|Win32
		{43FAAF56-EA88-4D3F-95B7-14A0582F3290}._Encrypt_KOR_Release_publish|Win32.Build.0 = Release|Win32
		{43FAAF56-EA88-4D3F-95B7-14A0582F3290}._Encrypt_USA_Debug|Win32.ActiveCfg = Debug|Win32
		{43FAAF56-EA88-4D3F-95B7-14A0582F3290}._Encrypt_USA_Debug|Win32.Build.0 = Debug|Win32
		{43FAAF56-EA88-4D3F-95B7-14A0582F3290}._Encrypt_USA_Release_publish|Win32.ActiveCfg = Release|Win32
		{43FAAF56-EA88-4D3F-95B7-14A0582F3290}._Encrypt_USA_Release_publish|Win32.Build.0 = Release|Win32
		{43FAAF56-EA88-4D3F-95B7-14A0582F3290}.BRZ_Debug|Win32.ActiveCfg = Debug|Win32
		{43FAAF56-EA88-4D3F-95B7-14A0582F3290}.BRZ_Debug|Win32.Build.0 = Debug|Win32
		{43FAAF56-EA88-4D3F-95B7-14A0582F3290}.BRZ_Release_publish|Win32.ActiveCfg = Release|Win32
		{43FAAF56-EA88-4D3F-95B7-14A0582F3290}.BRZ_Release_publish|Win32.Build.0 = Release|Win32
		{43FAAF56-EA88-4D3F-95B7-14A0582F3290}.Debug_tracememory|Win32.ActiveCfg = Debug|Win32
		{43FAAF56-EA88-4D3F-95B7-14A0582F3290}.Debug_tracememory|Win32.Build.0 = Debug|Win32
		{43FAAF56-EA88-4D3F-95B7-14A0582F3290}.Debug|Win32.ActiveCfg = Debug|Win32
		{43FAAF56-EA88-4D3F-95B7-14A0582F3290}.Debug|Win32.Build.0 = Debug|Win32
		{43FAAF56-EA88-4D3F-95B7-14A0582F3290}.DebugDll|Win32.ActiveCfg = Debug|Win32
		{43FAAF56-EA88-4D3F-95B7-14A0582F3290}.DebugDll|Win32.Build.0 = Debug|Win32
		{43FAAF56-EA88-4D3F-95B7-14A0582F3290}.IND_Debug|Win32.ActiveCfg = Debug|Win32
		{43FAAF56-EA88-4D3F-95B7-14A0582F3290}.IND_Debug|Win32.Build.0 = Debug|Win32
		{43FAAF56-EA88-4D3F-95B7-14A0582F3290}.IND_Release_publish|Win32.ActiveCfg = Release|Win32
		{43FAAF56-EA88-4D3F-95B7-14A0582F3290}.IND_Release_publish|Win32.Build.0 = Release|Win32
		{43FAAF56-EA88-4D3F-95B7-14A0582F3290}.INTER_Debug|Win32.ActiveCfg = Debug|Win32
		{43FAAF56-EA88-4D3F-95B7-14A0582F3290}.INTER_Debug|Win32.Build.0 = Debug|Win32
		{43FAAF56-EA88-4D3F-95B7-14A0582F3290}.INTER_Release_publish|Win32.ActiveCfg = Release|Win32
		{43FAAF56-EA88-4D3F-95B7-14A0582F3290}.INTER_Release_publish|Win32.Build.0 = Release|Win32
		{43FAAF56-EA88-4D3F-95B7-14A0582F3290}.JPN_Debug|Win32.ActiveCfg = Debug|Win32
		{43FAAF56-EA88-4D3F-95B7-14A0582F3290}.JPN_Debug|Win32.Build.0 = Debug|Win32
		{43FAAF56-EA88-4D3F-95B7-14A0582F3290}.JPN_Release_publish|Win32.ActiveCfg = Release|Win32
		{43FAAF56-EA88-4D3F-95B7-14A0582F3290}.JPN_Release_publish|Win32.Build.0 = Release|Win32
		{43FAAF56-EA88-4D3F-95B7-14A0582F3290}.KOR_Debug|Win32.ActiveCfg = Debug|Win32
		{43FAAF56-EA88-4D3F-95B7-14A0582F3290}.KOR_Debug|Win32.Build.0 = Debug|Win32
		{43FAAF56-EA88-4D3F-95B7-14A0582F3290}.KOR_Release_publish|Win32.ActiveCfg = Release|Win32
		{43FAAF56-EA88-4D3F-95B7-14A0582F3290}.KOR_Release_publish|Win32.Build.0 = Release|Win32
		{43FAAF56-EA88-4D3F-95B7-14A0582F3290}.Release|Win32.ActiveCfg = Release|Win32
		{43FAAF56-EA88-4D3F-95B7-14A0582F3290}.Release|Win32.Build.0 = Release|Win32
		{43FAAF56-EA88-4D3F-95B7-14A0582F3290}.ReleaseDll|Win32.ActiveCfg = Release|Win32
		{43FAAF56-EA88-4D3F-95B7-14A0582F3290}.ReleaseDll|Win32.Build.0 = Release|Win32
		{43FAAF56-EA88-4D3F-95B7-14A0582F3290}.Template|Win32.ActiveCfg = Release|Win32
		{43FAAF56-EA88-4D3F-95B7-14A0582F3290}.Template|Win32.Build.0 = Release|Win32
		{43FAAF56-EA88-4D3F-95B7-14A0582F3290}.USA_Debug|Win32.ActiveCfg = Debug|Win32
		{43FAAF56-EA88-4D3F-95B7-14A0582F3290}.USA_Debug|Win32.Build.0 = Debug|Win32
		{43FAAF56-EA88-4D3F-95B7-14A0582F3290}.USA_Release_publish|Win32.ActiveCfg = Release|Win32
		{43FAAF56-EA88-4D3F-95B7-14A0582F3290}.USA_Release_publish|Win32.Build.0 = Release|Win32
		{76A2FF14-2736-44CB-BE78-83CF0C6ADC9D}._Encrypt_BRZ_Debug|Win32.ActiveCfg = Debug|Win32
		{76A2FF14-2736-44CB-BE78-83CF0C6ADC9D}._Encrypt_BRZ_Debug|Win32.Build.0 = Debug|Win32
		{76A2FF14-2736-44CB-BE78-83CF0C6ADC9D}._Encrypt_BRZ_Release_publish|Win32.ActiveCfg = Release|Win32
		{76A2FF14-2736-44CB-BE78-83CF0C6ADC9D}._Encrypt_BRZ_Release_publish|Win32.Build.0 = Release|Win32
		{76A2FF14-2736-44CB-BE78-83CF0C6ADC9D}._Encrypt_Debug|Win32.ActiveCfg = Debug|Win32
		{76A2FF14-2736-44CB-BE78-83CF0C6ADC9D}._Encrypt_Debug|Win32.Build.0 = Debug|Win32
		{76A2FF14-2736-44CB-BE78-83CF0C6ADC9D}._Encrypt_JPN_Debug|Win32.ActiveCfg = Debug|Win32
		{76A2FF14-2736-44CB-BE78-83CF0C6ADC9D}._Encrypt_JPN_Debug|Win32.Build.0 = Debug|Win32
		{76A2FF14-2736-44CB-BE78-83CF0C6ADC9D}._Encrypt_JPN_Release_publish|Win32.ActiveCfg = Release|Win32
		{76A2FF14-2736-44CB-BE78-83CF0C6ADC9D}._Encrypt_JPN_Release_publish|Win32.Build.0 = Release|Win32
		{76A2FF14-2736-44CB-BE78-83CF0C6ADC9D}._Encrypt_KOR_Debug|Win32.ActiveCfg = Debug|Win32
		{76A2FF14-2736-44CB-BE78-83CF0C6ADC9D}._Encrypt_KOR_Debug|Win32.Build.0 = Debug|Win32
		{76A2FF14-2736-44CB-BE78-83CF0C6ADC9D}._Encrypt_KOR_Release_publish|Win32.ActiveCfg = Release|Win32
		{76A2FF14-2736-44CB-BE78-83CF0C6ADC9D}._Encrypt_KOR_Release_publish|Win32.Build.0 = Release|Win32
		{76A2FF14-2736-44CB-BE78-83CF0C6ADC9D}._Encrypt_USA_Debug|Win32.ActiveCfg = Debug|Win32
		{76A2FF14-2736-44CB-BE78-83CF0C6ADC9D}._Encrypt_USA_Debug|Win32.Build.0 = Debug|Win32
		{76A2FF14-2736-44CB-BE78-83CF0C6ADC9D}._Encrypt_USA_Release_publish|Win32.ActiveCfg = Release|Win32
		{76A2FF14-2736-44CB-BE78-83CF0C6ADC9D}._Encrypt_USA_Release_publish|Win32.Build.0 = Release|Win32
		{76A2FF14-2736-44CB-BE78-83CF0C6ADC9D}.BRZ_Debug|Win32.ActiveCfg = Debug|Win32
		{76A2FF14-2736-44CB-BE78-83CF0C6ADC9D}.BRZ_Debug|Win32.Build.0 = Debug|Win32
		{76A2FF14-2736-44CB-BE78-83CF0C6ADC9D}.BRZ_Release_publish|Win32.ActiveCfg = Release|Win32
		{76A2FF14-2736-44CB-BE78-83CF0C6ADC9D}.BRZ_Release_publish|Win32.Build.0 = Release|Win32
		{76A2FF14-2736-44CB-BE78-83CF0C6ADC9D}.Debug_tracememory|Win32.ActiveCfg = Debug|Win32
		{76A2FF14-2736-44CB-BE78-83CF0C6ADC9D}.Debug_tracememory|Win32.Build.0 = Debug|Win32
		{76A2FF14-2736-44CB-BE78-83CF0C6ADC9D}.Debug|Win32.ActiveCfg = Debug|Win32
		{76A2FF14-2736-44CB-BE78-83CF0C6ADC9D}.Debug|Win32.Build.0 = Debug|Win32
		{76A2FF14-2736-44CB-BE78-83CF0C6ADC9D}.DebugDll|Win32.ActiveCfg = Debug|Win32
		{76A2FF14-2736-44CB-BE78-83CF0C6ADC9D}.DebugDll|Win32.Build.0 = Debug|Win32
		{76A2FF14-2736-44CB-BE78-83CF0C6ADC9D}.IND_Debug|Win32.ActiveCfg = Debug|Win32
		{76A2FF14-2736-44CB-BE78-83CF0C6ADC9D}.IND_Debug|Win32.Build.0 = Debug|Win32
		{76A2FF14-2736-44CB-BE78-83CF0C6ADC9D}.IND_Release_publish|Win32.ActiveCfg = Release|Win32
		{76A2FF14-2736-44CB-BE78-83CF0C6ADC9D}.IND_Release_publish|Win32.Build.0 = Release|Win32
		{76A2FF14-2736-44CB-BE78-83CF0C6ADC9D}.INTER_Debug|Win32.ActiveCfg = Debug|Win32
		{76A2FF14-2736-44CB-BE78-83CF0C6ADC9D}.INTER_Debug|Win32.Build.0 = Debug|Win32
		{76A2FF14-2736-44CB-BE78-83CF0C6ADC9D}.INTER_Release_publish|Win32.ActiveCfg = Release|Win32
		{76A2FF14-2736-44CB-BE78-83CF0C6ADC9D}.INTER_Release_publish|Win32.Build.0 = Release|Win32
		{76A2FF14-2736-44CB-BE78-83CF0C6ADC9D}.JPN_Debug|Win32.ActiveCfg = Debug|Win32
		{76A2FF14-2736-44CB-BE78-83CF0C6ADC9D}.JPN_Debug|Win32.Build.0 = Debug|Win32
		{76A2FF14-2736-44CB-BE78-83CF0C6ADC9D}.JPN_Release_publish|Win32.ActiveCfg = Release|Win32
		{76A2FF14-2736-44CB-BE78-83CF0C6ADC9D}.JPN_Release_publish|Win32.Build.0 = Release|Win32
		{76A2FF14-2736-44CB-BE78-83CF0C6ADC9D}.KOR_Debug|Win32.ActiveCfg = Debug|Win32
		{76A2FF14-2736-44CB-BE78-83CF0C6ADC9D}.KOR_Debug|Win32.Build.0 = Debug|Win32
		{76A2FF14-2736-44CB-BE78-83CF0C6ADC9D}.KOR_Release_publish|Win32.ActiveCfg = Release|Win32
		{76A2FF14-2736-44CB-BE78-83CF0C6ADC9D}.KOR_Release_publish|Win32.Build.0 = Release|Win32
		{76A2FF14-2736-44CB-BE78-83CF0C6ADC9D}.Release|Win32.ActiveCfg = Release|Win32
		{76A2FF14-2736-44CB-BE78-83CF0C6ADC9D}.Release|Win32.Build.0 = Release|Win32
		{76A2FF14-2736-44CB-BE78-83CF0C6ADC9D}.ReleaseDll|Win32.ActiveCfg = Release|Win32
		{76A2FF14-2736-44CB-BE78-83CF0C6ADC9D}.ReleaseDll|Win32.Build.0 = Release|Win32
		{76A2FF14-2736-44CB-BE78-83CF0C6ADC9D}.Template|Win32.ActiveCfg = Release|Win32
		{76A2FF14-2736-44CB-BE78-83CF0C6ADC9D}.Template|Win32.Build.0 = Release|Win32
		{76A2FF14-2736-44CB-BE78-83CF0C6ADC9D}.USA_Debug|Win32.ActiveCfg = Debug|Win32
		{76A2FF14-2736-44CB-BE78-83CF0C6ADC9D}.USA_Debug|Win32.Build.0 = Debug|Win32
		{76A2FF14-2736-44CB-BE78-83CF0C6ADC9D}.USA_Release_publish|Win32.ActiveCfg = Release|Win32
		{76A2FF14-2736-44CB-BE78-83CF0C6ADC9D}.USA_Release_publish|Win32.Build.0 = Release|Win32
	EndGlobalSection
	GlobalSection(SolutionProperties) = preSolution
		HideSolutionNode = FALSE
	EndGlobalSection
EndGlobal
